// !$*UTF8*$!
{
	archiveVersion = 1;
	classes = {
	};
	objectVersion = 50;
	objects = {

/* Begin PBXBuildFile section */
		4433EE95224B6FF0008A28ED /* AppDelegate.m in Sources */ = {isa = PBXBuildFile; fileRef = 4433EE94224B6FF0008A28ED /* AppDelegate.m */; };
		4433EE98224B6FF0008A28ED /* ViewController.m in Sources */ = {isa = PBXBuildFile; fileRef = 4433EE97224B6FF0008A28ED /* ViewController.m */; };
		4433EE9B224B6FF0008A28ED /* Main.storyboard in Resources */ = {isa = PBXBuildFile; fileRef = 4433EE99224B6FF0008A28ED /* Main.storyboard */; };
		4433EE9D224B6FF5008A28ED /* Assets.xcassets in Resources */ = {isa = PBXBuildFile; fileRef = 4433EE9C224B6FF5008A28ED /* Assets.xcassets */; };
		4433EEA0224B6FF5008A28ED /* LaunchScreen.storyboard in Resources */ = {isa = PBXBuildFile; fileRef = 4433EE9E224B6FF5008A28ED /* LaunchScreen.storyboard */; };
		4433EEA3224B6FF5008A28ED /* main.m in Sources */ = {isa = PBXBuildFile; fileRef = 4433EEA2224B6FF5008A28ED /* main.m */; };
		4433EEAD224B6FF5008A28ED /* CZHPickerViewTests.m in Sources */ = {isa = PBXBuildFile; fileRef = 4433EEAC224B6FF5008A28ED /* CZHPickerViewTests.m */; };
		4433EEB8224B6FF5008A28ED /* CZHPickerViewUITests.m in Sources */ = {isa = PBXBuildFile; fileRef = 4433EEB7224B6FF5008A28ED /* CZHPickerViewUITests.m */; };
		4433EECA224B7022008A28ED /* CZHPiceker.m in Sources */ = {isa = PBXBuildFile; fileRef = 4433EEC8224B7022008A28ED /* CZHPiceker.m */; };
/* End PBXBuildFile section */

/* Begin PBXContainerItemProxy section */
		4433EEA9224B6FF5008A28ED /* PBXContainerItemProxy */ = {
			isa = PBXContainerItemProxy;
			containerPortal = 4433EE88224B6FF0008A28ED /* Project object */;
			proxyType = 1;
			remoteGlobalIDString = 4433EE8F224B6FF0008A28ED;
			remoteInfo = CZHPickerView;
		};
		4433EEB4224B6FF5008A28ED /* PBXContainerItemProxy */ = {
			isa = PBXContainerItemProxy;
			containerPortal = 4433EE88224B6FF0008A28ED /* Project object */;
			proxyType = 1;
			remoteGlobalIDString = 4433EE8F224B6FF0008A28ED;
			remoteInfo = CZHPickerView;
		};
/* End PBXContainerItemProxy section */

/* Begin PBXFileReference section */
		4433EE90224B6FF0008A28ED /* CZHPickerView.app */ = {isa = PBXFileReference; explicitFileType = wrapper.application; includeInIndex = 0; path = CZHPickerView.app; sourceTree = BUILT_PRODUCTS_DIR; };
		4433EE93224B6FF0008A28ED /* AppDelegate.h */ = {isa = PBXFileReference; lastKnownFileType = sourcecode.c.h; path = AppDelegate.h; sourceTree = "<group>"; };
		4433EE94224B6FF0008A28ED /* AppDelegate.m */ = {isa = PBXFileReference; lastKnownFileType = sourcecode.c.objc; path = AppDelegate.m; sourceTree = "<group>"; };
		4433EE96224B6FF0008A28ED /* ViewController.h */ = {isa = PBXFileReference; lastKnownFileType = sourcecode.c.h; path = ViewController.h; sourceTree = "<group>"; };
		4433EE97224B6FF0008A28ED /* ViewController.m */ = {isa = PBXFileReference; lastKnownFileType = sourcecode.c.objc; path = ViewController.m; sourceTree = "<group>"; };
		4433EE9A224B6FF0008A28ED /* Base */ = {isa = PBXFileReference; lastKnownFileType = file.storyboard; name = Base; path = Base.lproj/Main.storyboard; sourceTree = "<group>"; };
		4433EE9C224B6FF5008A28ED /* Assets.xcassets */ = {isa = PBXFileReference; lastKnownFileType = folder.assetcatalog; path = Assets.xcassets; sourceTree = "<group>"; };
		4433EE9F224B6FF5008A28ED /* Base */ = {isa = PBXFileReference; lastKnownFileType = file.storyboard; name = Base; path = Base.lproj/LaunchScreen.storyboard; sourceTree = "<group>"; };
		4433EEA1224B6FF5008A28ED /* Info.plist */ = {isa = PBXFileReference; lastKnownFileType = text.plist.xml; path = Info.plist; sourceTree = "<group>"; };
		4433EEA2224B6FF5008A28ED /* main.m */ = {isa = PBXFileReference; lastKnownFileType = sourcecode.c.objc; path = main.m; sourceTree = "<group>"; };
		4433EEA8224B6FF5008A28ED /* CZHPickerViewTests.xctest */ = {isa = PBXFileReference; explicitFileType = wrapper.cfbundle; includeInIndex = 0; path = CZHPickerViewTests.xctest; sourceTree = BUILT_PRODUCTS_DIR; };
		4433EEAC224B6FF5008A28ED /* CZHPickerViewTests.m */ = {isa = PBXFileReference; lastKnownFileType = sourcecode.c.objc; path = CZHPickerViewTests.m; sourceTree = "<group>"; };
		4433EEAE224B6FF5008A28ED /* Info.plist */ = {isa = PBXFileReference; lastKnownFileType = text.plist.xml; path = Info.plist; sourceTree = "<group>"; };
		4433EEB3224B6FF5008A28ED /* CZHPickerViewUITests.xctest */ = {isa = PBXFileReference; explicitFileType = wrapper.cfbundle; includeInIndex = 0; path = CZHPickerViewUITests.xctest; sourceTree = BUILT_PRODUCTS_DIR; };
		4433EEB7224B6FF5008A28ED /* CZHPickerViewUITests.m */ = {isa = PBXFileReference; lastKnownFileType = sourcecode.c.objc; path = CZHPickerViewUITests.m; sourceTree = "<group>"; };
		4433EEB9224B6FF5008A28ED /* Info.plist */ = {isa = PBXFileReference; lastKnownFileType = text.plist.xml; path = Info.plist; sourceTree = "<group>"; };
		4433EEC8224B7022008A28ED /* CZHPiceker.m */ = {isa = PBXFileReference; fileEncoding = 4; lastKnownFileType = sourcecode.c.objc; path = CZHPiceker.m; sourceTree = "<group>"; };
		4433EEC9224B7022008A28ED /* CZHPiceker.h */ = {isa = PBXFileReference; fileEncoding = 4; lastKnownFileType = sourcecode.c.h; path = CZHPiceker.h; sourceTree = "<group>"; };
/* End PBXFileReference section */

/* Begin PBXFrameworksBuildPhase section */
		4433EE8D224B6FF0008A28ED /* Frameworks */ = {
			isa = PBXFrameworksBuildPhase;
			buildActionMask = 2147483647;
			files = (
			);
			runOnlyForDeploymentPostprocessing = 0;
		};
		4433EEA5224B6FF5008A28ED /* Frameworks */ = {
			isa = PBXFrameworksBuildPhase;
			buildActionMask = 2147483647;
			files = (
			);
			runOnlyForDeploymentPostprocessing = 0;
		};
		4433EEB0224B6FF5008A28ED /* Frameworks */ = {
			isa = PBXFrameworksBuildPhase;
			buildActionMask = 2147483647;
			files = (
			);
			runOnlyForDeploymentPostprocessing = 0;
		};
/* End PBXFrameworksBuildPhase section */

/* Begin PBXGroup section */
		4433EE87224B6FF0008A28ED = {
			isa = PBXGroup;
			children = (
				4433EE92224B6FF0008A28ED /* CZHPickerView */,
				4433EEAB224B6FF5008A28ED /* CZHPickerViewTests */,
				4433EEB6224B6FF5008A28ED /* CZHPickerViewUITests */,
				4433EE91224B6FF0008A28ED /* Products */,
			);
			sourceTree = "<group>";
		};
		4433EE91224B6FF0008A28ED /* Products */ = {
			isa = PBXGroup;
			children = (
				4433EE90224B6FF0008A28ED /* CZHPickerView.app */,
				4433EEA8224B6FF5008A28ED /* CZHPickerViewTests.xctest */,
				4433EEB3224B6FF5008A28ED /* CZHPickerViewUITests.xctest */,
			);
			name = Products;
			sourceTree = "<group>";
		};
		4433EE92224B6FF0008A28ED /* CZHPickerView */ = {
			isa = PBXGroup;
			children = (
				4433EE93224B6FF0008A28ED /* AppDelegate.h */,
				4433EE94224B6FF0008A28ED /* AppDelegate.m */,
				4433EE96224B6FF0008A28ED /* ViewController.h */,
				4433EE97224B6FF0008A28ED /* ViewController.m */,
				4433EEC9224B7022008A28ED /* CZHPiceker.h */,
				4433EEC8224B7022008A28ED /* CZHPiceker.m */,
				4433EE9C224B6FF5008A28ED /* Assets.xcassets */,
				4433EE9E224B6FF5008A28ED /* LaunchScreen.storyboard */,
				4433EE99224B6FF0008A28ED /* Main.storyboard */,
				4433EEA1224B6FF5008A28ED /* Info.plist */,
				4433EEA2224B6FF5008A28ED /* main.m */,
			);
			path = CZHPickerView;
			sourceTree = "<group>";
		};
		4433EEAB224B6FF5008A28ED /* CZHPickerViewTests */ = {
			isa = PBXGroup;
			children = (
				4433EEAC224B6FF5008A28ED /* CZHPickerViewTests.m */,
				4433EEAE224B6FF5008A28ED /* Info.plist */,
			);
			path = CZHPickerViewTests;
			sourceTree = "<group>";
		};
		4433EEB6224B6FF5008A28ED /* CZHPickerViewUITests */ = {
			isa = PBXGroup;
			children = (
				4433EEB7224B6FF5008A28ED /* CZHPickerViewUITests.m */,
				4433EEB9224B6FF5008A28ED /* Info.plist */,
			);
			path = CZHPickerViewUITests;
			sourceTree = "<group>";
		};
/* End PBXGroup section */

/* Begin PBXNativeTarget section */
		4433EE8F224B6FF0008A28ED /* CZHPickerView */ = {
			isa = PBXNativeTarget;
			buildConfigurationList = 4433EEBC224B6FF5008A28ED /* Build configuration list for PBXNativeTarget "CZHPickerView" */;
			buildPhases = (
				4433EE8C224B6FF0008A28ED /* Sources */,
				4433EE8D224B6FF0008A28ED /* Frameworks */,
				4433EE8E224B6FF0008A28ED /* Resources */,
			);
			buildRules = (
			);
			dependencies = (
			);
			name = CZHPickerView;
			productName = CZHPickerView;
			productReference = 4433EE90224B6FF0008A28ED /* CZHPickerView.app */;
			productType = "com.apple.product-type.application";
		};
		4433EEA7224B6FF5008A28ED /* CZHPickerViewTests */ = {
			isa = PBXNativeTarget;
			buildConfigurationList = 4433EEBF224B6FF5008A28ED /* Build configuration list for PBXNativeTarget "CZHPickerViewTests" */;
			buildPhases = (
				4433EEA4224B6FF5008A28ED /* Sources */,
				4433EEA5224B6FF5008A28ED /* Frameworks */,
				4433EEA6224B6FF5008A28ED /* Resources */,
			);
			buildRules = (
			);
			dependencies = (
				4433EEAA224B6FF5008A28ED /* PBXTargetDependency */,
			);
			name = CZHPickerViewTests;
			productName = CZHPickerViewTests;
			productReference = 4433EEA8224B6FF5008A28ED /* CZHPickerViewTests.xctest */;
			productType = "com.apple.product-type.bundle.unit-test";
		};
		4433EEB2224B6FF5008A28ED /* CZHPickerViewUITests */ = {
			isa = PBXNativeTarget;
			buildConfigurationList = 4433EEC2224B6FF5008A28ED /* Build configuration list for PBXNativeTarget "CZHPickerViewUITests" */;
			buildPhases = (
				4433EEAF224B6FF5008A28ED /* Sources */,
				4433EEB0224B6FF5008A28ED /* Frameworks */,
				4433EEB1224B6FF5008A28ED /* Resources */,
			);
			buildRules = (
			);
			dependencies = (
				4433EEB5224B6FF5008A28ED /* PBXTargetDependency */,
			);
			name = CZHPickerViewUITests;
			productName = CZHPickerViewUITests;
			productReference = 4433EEB3224B6FF5008A28ED /* CZHPickerViewUITests.xctest */;
			productType = "com.apple.product-type.bundle.ui-testing";
		};
/* End PBXNativeTarget section */

/* Begin PBXProject section */
		4433EE88224B6FF0008A28ED /* Project object */ = {
			isa = PBXProject;
			attributes = {
				LastUpgradeCheck = 1000;
				ORGANIZATIONNAME = CZH;
				TargetAttributes = {
					4433EE8F224B6FF0008A28ED = {
						CreatedOnToolsVersion = 10.0;
					};
					4433EEA7224B6FF5008A28ED = {
						CreatedOnToolsVersion = 10.0;
						TestTargetID = 4433EE8F224B6FF0008A28ED;
					};
					4433EEB2224B6FF5008A28ED = {
						CreatedOnToolsVersion = 10.0;
						TestTargetID = 4433EE8F224B6FF0008A28ED;
					};
				};
			};
			buildConfigurationList = 4433EE8B224B6FF0008A28ED /* Build configuration list for PBXProject "CZHPickerView" */;
			compatibilityVersion = "Xcode 9.3";
			developmentRegion = en;
			hasScannedForEncodings = 0;
			knownRegions = (
				en,
				Base,
			);
			mainGroup = 4433EE87224B6FF0008A28ED;
			productRefGroup = 4433EE91224B6FF0008A28ED /* Products */;
			projectDirPath = "";
			projectRoot = "";
			targets = (
				4433EE8F224B6FF0008A28ED /* CZHPickerView */,
				4433EEA7224B6FF5008A28ED /* CZHPickerViewTests */,
				4433EEB2224B6FF5008A28ED /* CZHPickerViewUITests */,
			);
		};
/* End PBXProject section */

/* Begin PBXResourcesBuildPhase section */
		4433EE8E224B6FF0008A28ED /* Resources */ = {
			isa = PBXResourcesBuildPhase;
			buildActionMask = 2147483647;
			files = (
				4433EEA0224B6FF5008A28ED /* LaunchScreen.storyboard in Resources */,
				4433EE9D224B6FF5008A28ED /* Assets.xcassets in Resources */,
				4433EE9B224B6FF0008A28ED /* Main.storyboard in Resources */,
			);
			runOnlyForDeploymentPostprocessing = 0;
		};
		4433EEA6224B6FF5008A28ED /* Resources */ = {
			isa = PBXResourcesBuildPhase;
			buildActionMask = 2147483647;
			files = (
			);
			runOnlyForDeploymentPostprocessing = 0;
		};
		4433EEB1224B6FF5008A28ED /* Resources */ = {
			isa = PBXResourcesBuildPhase;
			buildActionMask = 2147483647;
			files = (
			);
			runOnlyForDeploymentPostprocessing = 0;
		};
/* End PBXResourcesBuildPhase section */

/* Begin PBXSourcesBuildPhase section */
		4433EE8C224B6FF0008A28ED /* Sources */ = {
			isa = PBXSourcesBuildPhase;
			buildActionMask = 2147483647;
			files = (
				4433EE98224B6FF0008A28ED /* ViewController.m in Sources */,
				4433EEA3224B6FF5008A28ED /* main.m in Sources */,
				4433EE95224B6FF0008A28ED /* AppDelegate.m in Sources */,
				4433EECA224B7022008A28ED /* CZHPiceker.m in Sources */,
			);
			runOnlyForDeploymentPostprocessing = 0;
		};
		4433EEA4224B6FF5008A28ED /* Sources */ = {
			isa = PBXSourcesBuildPhase;
			buildActionMask = 2147483647;
			files = (
				4433EEAD224B6FF5008A28ED /* CZHPickerViewTests.m in Sources */,
			);
			runOnlyForDeploymentPostprocessing = 0;
		};
		4433EEAF224B6FF5008A28ED /* Sources */ = {
			isa = PBXSourcesBuildPhase;
			buildActionMask = 2147483647;
			files = (
				4433EEB8224B6FF5008A28ED /* CZHPickerViewUITests.m in Sources */,
			);
			runOnlyForDeploymentPostprocessing = 0;
		};
/* End PBXSourcesBuildPhase section */

/* Begin PBXTargetDependency section */
		4433EEAA224B6FF5008A28ED /* PBXTargetDependency */ = {
			isa = PBXTargetDependency;
			target = 4433EE8F224B6FF0008A28ED /* CZHPickerView */;
			targetProxy = 4433EEA9224B6FF5008A28ED /* PBXContainerItemProxy */;
		};
		4433EEB5224B6FF5008A28ED /* PBXTargetDependency */ = {
			isa = PBXTargetDependency;
			target = 4433EE8F224B6FF0008A28ED /* CZHPickerView */;
			targetProxy = 4433EEB4224B6FF5008A28ED /* PBXContainerItemProxy */;
		};
/* End PBXTargetDependency section */

/* Begin PBXVariantGroup section */
		4433EE99224B6FF0008A28ED /* Main.storyboard */ = {
			isa = PBXVariantGroup;
			children = (
				4433EE9A224B6FF0008A28ED /* Base */,
			);
			name = Main.storyboard;
			sourceTree = "<group>";
		};
		4433EE9E224B6FF5008A28ED /* LaunchScreen.storyboard */ = {
			isa = PBXVariantGroup;
			children = (
				4433EE9F224B6FF5008A28ED /* Base */,
			);
			name = LaunchScreen.storyboard;
			sourceTree = "<group>";
		};
/* End PBXVariantGroup section */

/* Begin XCBuildConfiguration section */
		4433EEBA224B6FF5008A28ED /* Debug */ = {
			isa = XCBuildConfiguration;
			buildSettings = {
				ALWAYS_SEARCH_USER_PATHS = NO;
				CLANG_ANALYZER_NONNULL = YES;
				CLANG_ANALYZER_NUMBER_OBJECT_CONVERSION = YES_AGGRESSIVE;
				CLANG_CXX_LANGUAGE_STANDARD = "gnu++14";
				CLANG_CXX_LIBRARY = "libc++";
				CLANG_ENABLE_MODULES = YES;
				CLANG_ENABLE_OBJC_ARC = YES;
				CLANG_ENABLE_OBJC_WEAK = YES;
				CLANG_WARN_BLOCK_CAPTURE_AUTORELEASING = YES;
				CLANG_WARN_BOOL_CONVERSION = YES;
				CLANG_WARN_COMMA = YES;
				CLANG_WARN_CONSTANT_CONVERSION = YES;
				CLANG_WARN_DEPRECATED_OBJC_IMPLEMENTATIONS = YES;
				CLANG_WARN_DIRECT_OBJC_ISA_USAGE = YES_ERROR;
				CLANG_WARN_DOCUMENTATION_COMMENTS = YES;
				CLANG_WARN_EMPTY_BODY = YES;
				CLANG_WARN_ENUM_CONVERSION = YES;
				CLANG_WARN_INFINITE_RECURSION = YES;
				CLANG_WARN_INT_CONVERSION = YES;
				CLANG_WARN_NON_LITERAL_NULL_CONVERSION = YES;
				CLANG_WARN_OBJC_IMPLICIT_RETAIN_SELF = YES;
				CLANG_WARN_OBJC_LITERAL_CONVERSION = YES;
				CLANG_WARN_OBJC_ROOT_CLASS = YES_ERROR;
				CLANG_WARN_RANGE_LOOP_ANALYSIS = YES;
				CLANG_WARN_STRICT_PROTOTYPES = YES;
				CLANG_WARN_SUSPICIOUS_MOVE = YES;
				CLANG_WARN_UNGUARDED_AVAILABILITY = YES_AGGRESSIVE;
				CLANG_WARN_UNREACHABLE_CODE = YES;
				CLANG_WARN__DUPLICATE_METHOD_MATCH = YES;
				CODE_SIGN_IDENTITY = "iPhone Developer";
				COPY_PHASE_STRIP = NO;
				DEBUG_INFORMATION_FORMAT = dwarf;
				ENABLE_STRICT_OBJC_MSGSEND = YES;
				ENABLE_TESTABILITY = YES;
				GCC_C_LANGUAGE_STANDARD = gnu11;
				GCC_DYNAMIC_NO_PIC = NO;
				GCC_NO_COMMON_BLOCKS = YES;
				GCC_OPTIMIZATION_LEVEL = 0;
				GCC_PREPROCESSOR_DEFINITIONS = (
					"DEBUG=1",
					"$(inherited)",
				);
				GCC_WARN_64_TO_32_BIT_CONVERSION = YES;
				GCC_WARN_ABOUT_RETURN_TYPE = YES_ERROR;
				GCC_WARN_UNDECLARED_SELECTOR = YES;
				GCC_WARN_UNINITIALIZED_AUTOS = YES_AGGRESSIVE;
				GCC_WARN_UNUSED_FUNCTION = YES;
				GCC_WARN_UNUSED_VARIABLE = YES;
				IPHONEOS_DEPLOYMENT_TARGET = 12.0;
				MTL_ENABLE_DEBUG_INFO = INCLUDE_SOURCE;
				MTL_FAST_MATH = YES;
				ONLY_ACTIVE_ARCH = YES;
				SDKROOT = iphoneos;
			};
			name = Debug;
		};
		4433EEBB224B6FF5008A28ED /* Release */ = {
			isa = XCBuildConfiguration;
			buildSettings = {
				ALWAYS_SEARCH_USER_PATHS = NO;
				CLANG_ANALYZER_NONNULL = YES;
				CLANG_ANALYZER_NUMBER_OBJECT_CONVERSION = YES_AGGRESSIVE;
				CLANG_CXX_LANGUAGE_STANDARD = "gnu++14";
				CLANG_CXX_LIBRARY = "libc++";
				CLANG_ENABLE_MODULES = YES;
				CLANG_ENABLE_OBJC_ARC = YES;
				CLANG_ENABLE_OBJC_WEAK = YES;
				CLANG_WARN_BLOCK_CAPTURE_AUTORELEASING = YES;
				CLANG_WARN_BOOL_CONVERSION = YES;
				CLANG_WARN_COMMA = YES;
				CLANG_WARN_CONSTANT_CONVERSION = YES;
				CLANG_WARN_DEPRECATED_OBJC_IMPLEMENTATIONS = YES;
				CLANG_WARN_DIRECT_OBJC_ISA_USAGE = YES_ERROR;
				CLANG_WARN_DOCUMENTATION_COMMENTS = YES;
				CLANG_WARN_EMPTY_BODY = YES;
				CLANG_WARN_ENUM_CONVERSION = YES;
				CLANG_WARN_INFINITE_RECURSION = YES;
				CLANG_WARN_INT_CONVERSION = YES;
				CLANG_WARN_NON_LITERAL_NULL_CONVERSION = YES;
				CLANG_WARN_OBJC_IMPLICIT_RETAIN_SELF = YES;
				CLANG_WARN_OBJC_LITERAL_CONVERSION = YES;
				CLANG_WARN_OBJC_ROOT_CLASS = YES_ERROR;
				CLANG_WARN_RANGE_LOOP_ANALYSIS = YES;
				CLANG_WARN_STRICT_PROTOTYPES = YES;
				CLANG_WARN_SUSPICIOUS_MOVE = YES;
				CLANG_WARN_UNGUARDED_AVAILABILITY = YES_AGGRESSIVE;
				CLANG_WARN_UNREACHABLE_CODE = YES;
				CLANG_WARN__DUPLICATE_METHOD_MATCH = YES;
				CODE_SIGN_IDENTITY = "iPhone Developer";
				COPY_PHASE_STRIP = NO;
				DEBUG_INFORMATION_FORMAT = "dwarf-with-dsym";
				ENABLE_NS_ASSERTIONS = NO;
				ENABLE_STRICT_OBJC_MSGSEND = YES;
				GCC_C_LANGUAGE_STANDARD = gnu11;
				GCC_NO_COMMON_BLOCKS = YES;
				GCC_WARN_64_TO_32_BIT_CONVERSION = YES;
				GCC_WARN_ABOUT_RETURN_TYPE = YES_ERROR;
				GCC_WARN_UNDECLARED_SELECTOR = YES;
				GCC_WARN_UNINITIALIZED_AUTOS = YES_AGGRESSIVE;
				GCC_WARN_UNUSED_FUNCTION = YES;
				GCC_WARN_UNUSED_VARIABLE = YES;
				IPHONEOS_DEPLOYMENT_TARGET = 12.0;
				MTL_ENABLE_DEBUG_INFO = NO;
				MTL_FAST_MATH = YES;
				SDKROOT = iphoneos;
				VALIDATE_PRODUCT = YES;
			};
			name = Release;
		};
		4433EEBD224B6FF5008A28ED /* Debug */ = {
			isa = XCBuildConfiguration;
			buildSettings = {
				ASSETCATALOG_COMPILER_APPICON_NAME = AppIcon;
				CODE_SIGN_STYLE = Automatic;
				DEVELOPMENT_TEAM = 86LP7399RP;
				INFOPLIST_FILE = CZHPickerView/Info.plist;
				IPHONEOS_DEPLOYMENT_TARGET = 12.0;
				LD_RUNPATH_SEARCH_PATHS = (
					"$(inherited)",
					"@executable_path/Frameworks",
				);
				PRODUCT_BUNDLE_IDENTIFIER = CZH.CZHPickerView;
				PRODUCT_NAME = "$(TARGET_NAME)";
				TARGETED_DEVICE_FAMILY = "1,2";
			};
			name = Debug;
		};
		4433EEBE224B6FF5008A28ED /* Release */ = {
			isa = XCBuildConfiguration;
			buildSettings = {
				ASSETCATALOG_COMPILER_APPICON_NAME = AppIcon;
				CODE_SIGN_STYLE = Automatic;
				DEVELOPMENT_TEAM = 86LP7399RP;
				INFOPLIST_FILE = CZHPickerView/Info.plist;
				IPHONEOS_DEPLOYMENT_TARGET = 12.0;
				LD_RUNPATH_SEARCH_PATHS = (
					"$(inherited)",
					"@executable_path/Frameworks",
				);
				PRODUCT_BUNDLE_IDENTIFIER = CZH.CZHPickerView;
				PRODUCT_NAME = "$(TARGET_NAME)";
				TARGETED_DEVICE_FAMILY = "1,2";
			};
			name = Release;
		};
		4433EEC0224B6FF5008A28ED /* Debug */ = {
			isa = XCBuildConfiguration;
			buildSettings = {
				BUNDLE_LOADER = "$(TEST_HOST)";
				CODE_SIGN_STYLE = Automatic;
				DEVELOPMENT_TEAM = 86LP7399RP;
				INFOPLIST_FILE = CZHPickerViewTests/Info.plist;
				LD_RUNPATH_SEARCH_PATHS = (
					"$(inherited)",
					"@executable_path/Frameworks",
					"@loader_path/Frameworks",
				);
				PRODUCT_BUNDLE_IDENTIFIER = CZH.CZHPickerViewTests;
				PRODUCT_NAME = "$(TARGET_NAME)";
				TARGETED_DEVICE_FAMILY = "1,2";
				TEST_HOST = "$(BUILT_PRODUCTS_DIR)/CZHPickerView.app/CZHPickerView";
			};
			name = Debug;
		};
		4433EEC1224B6FF5008A28ED /* Release */ = {
			isa = XCBuildConfiguration;
			buildSettings = {
				BUNDLE_LOADER = "$(TEST_HOST)";
				CODE_SIGN_STYLE = Automatic;
				DEVELOPMENT_TEAM = 86LP7399RP;
				INFOPLIST_FILE = CZHPickerViewTests/Info.plist;
				LD_RUNPATH_SEARCH_PATHS = (
					"$(inherited)",
					"@executable_path/Frameworks",
					"@loader_path/Frameworks",
				);
				PRODUCT_BUNDLE_IDENTIFIER = CZH.CZHPickerViewTests;
				PRODUCT_NAME = "$(TARGET_NAME)";
				TARGETED_DEVICE_FAMILY = "1,2";
				TEST_HOST = "$(BUILT_PRODUCTS_DIR)/CZHPickerView.app/CZHPickerView";
			};
			name = Release;
		};
		4433EEC3224B6FF5008A28ED /* Debug */ = {
			isa = XCBuildConfiguration;
			buildSettings = {
				CODE_SIGN_STYLE = Automatic;
				DEVELOPMENT_TEAM = 86LP7399RP;
				INFOPLIST_FILE = CZHPickerViewUITests/Info.plist;
				LD_RUNPATH_SEARCH_PATHS = (
					"$(inherited)",
					"@executable_path/Frameworks",
					"@loader_path/Frameworks",
				);
				PRODUCT_BUNDLE_IDENTIFIER = CZH.CZHPickerViewUITests;
				PRODUCT_NAME = "$(TARGET_NAME)";
				TARGETED_DEVICE_FAMILY = "1,2";
				TEST_TARGET_NAME = CZHPickerView;
			};
			name = Debug;
		};
		4433EEC4224B6FF5008A28ED /* Release */ = {
			isa = XCBuildConfiguration;
			buildSettings = {
				CODE_SIGN_STYLE = Automatic;
				DEVELOPMENT_TEAM = 86LP7399RP;
				INFOPLIST_FILE = CZHPickerViewUITests/Info.plist;
				LD_RUNPATH_SEARCH_PATHS = (
					"$(inherited)",
					"@executable_path/Frameworks",
					"@loader_path/Frameworks",
				);
				PRODUCT_BUNDLE_IDENTIFIER = CZH.CZHPickerViewUITests;
				PRODUCT_NAME = "$(TARGET_NAME)";
				TARGETED_DEVICE_FAMILY = "1,2";
				TEST_TARGET_NAME = CZHPickerView;
			};
			name = Release;
		};
/* End XCBuildConfiguration section */

/* Begin XCConfigurationList section */
		4433EE8B224B6FF0008A28ED /* Build configuration list for PBXProject "CZHPickerView" */ = {
			isa = XCConfigurationList;
			buildConfigurations = (
				4433EEBA224B6FF5008A28ED /* Debug */,
				4433EEBB224B6FF5008A28ED /* Release */,
			);
			defaultConfigurationIsVisible = 0;
			defaultConfigurationName = Release;
		};
		4433EEBC224B6FF5008A28ED /* Build configuration list for PBXNativeTarget "CZHPickerView" */ = {
			isa = XCConfigurationList;
			buildConfigurations = (
				4433EEBD224B6FF5008A28ED /* Debug */,
				4433EEBE224B6FF5008A28ED /* Release */,
			);
			defaultConfigurationIsVisible = 0;
			defaultConfigurationName = Release;
		};
		4433EEBF224B6FF5008A28ED /* Build configuration list for PBXNativeTarget "CZHPickerViewTests" */ = {
			isa = XCConfigurationList;
			buildConfigurations = (
				4433EEC0224B6FF5008A28ED /* Debug */,
				4433EEC1224B6FF5008A28ED /* Release */,
			);
			defaultConfigurationIsVisible = 0;
			defaultConfigurationName = Release;
		};
		4433EEC2224B6FF5008A28ED /* Build configuration list for PBXNativeTarget "CZHPickerViewUITests" */ = {
			isa = XCConfigurationList;
			buildConfigurations = (
				4433EEC3224B6FF5008A28ED /* Debug */,
				4433EEC4224B6FF5008A28ED /* Release */,
			);
			defaultConfigurationIsVisible = 0;
			defaultConfigurationName = Release;
		};
/* End XCConfigurationList section */
	};
	rootObject = 4433EE88224B6FF0008A28ED /* Project object */;
}
